{
  "version": 4,
  "terraform_version": "1.9.8",
  "serial": 105,
  "lineage": "3364e32a-0e4e-22c9-24af-f95b52f3af9e",
  "outputs": {
    "ami_ubuntu": {
      "value": {
        "architecture": "x86_64",
        "arn": "arn:aws:ec2:us-east-2::image/ami-0a265c4872897c211",
        "block_device_mappings": [
          {
            "device_name": "/dev/sda1",
            "ebs": {
              "delete_on_termination": "true",
              "encrypted": "false",
              "iops": "0",
              "snapshot_id": "snap-07a5942229a8688c8",
              "throughput": "0",
              "volume_size": "8",
              "volume_type": "gp2"
            },
            "no_device": "",
            "virtual_name": ""
          },
          {
            "device_name": "/dev/sdb",
            "ebs": {},
            "no_device": "",
            "virtual_name": "ephemeral0"
          },
          {
            "device_name": "/dev/sdc",
            "ebs": {},
            "no_device": "",
            "virtual_name": "ephemeral1"
          }
        ],
        "boot_mode": "legacy-bios",
        "creation_date": "2025-05-08T11:46:32.000Z",
        "deprecation_time": "2027-05-08T11:46:32.000Z",
        "description": "Canonical, Ubuntu, 20.04, amd64 focal image",
        "ena_support": true,
        "executable_users": null,
        "filter": [
          {
            "name": "name",
            "values": [
              "ubuntu/images/hvm-ssd/ubuntu-focal-20.04-amd64-server-*"
            ]
          },
          {
            "name": "virtualization-type",
            "values": [
              "hvm"
            ]
          }
        ],
        "hypervisor": "xen",
        "id": "ami-0a265c4872897c211",
        "image_id": "ami-0a265c4872897c211",
        "image_location": "amazon/ubuntu/images/hvm-ssd/ubuntu-focal-20.04-amd64-server-20250508.1",
        "image_owner_alias": "amazon",
        "image_type": "machine",
        "imds_support": "",
        "include_deprecated": false,
        "kernel_id": "",
        "last_launched_time": "",
        "most_recent": true,
        "name": "ubuntu/images/hvm-ssd/ubuntu-focal-20.04-amd64-server-20250508.1",
        "name_regex": null,
        "owner_id": "099720109477",
        "owners": [
          "099720109477"
        ],
        "platform": "",
        "platform_details": "Linux/UNIX",
        "product_codes": [],
        "public": true,
        "ramdisk_id": "",
        "root_device_name": "/dev/sda1",
        "root_device_type": "ebs",
        "root_snapshot_id": "snap-07a5942229a8688c8",
        "sriov_net_support": "simple",
        "state": "available",
        "state_reason": {
          "code": "UNSET",
          "message": "UNSET"
        },
        "tags": {},
        "timeouts": null,
        "tpm_support": "",
        "uefi_data": null,
        "usage_operation": "RunInstances",
        "virtualization_type": "hvm"
      },
      "type": [
        "object",
        {
          "architecture": "string",
          "arn": "string",
          "block_device_mappings": [
            "set",
            [
              "object",
              {
                "device_name": "string",
                "ebs": [
                  "map",
                  "string"
                ],
                "no_device": "string",
                "virtual_name": "string"
              }
            ]
          ],
          "boot_mode": "string",
          "creation_date": "string",
          "deprecation_time": "string",
          "description": "string",
          "ena_support": "bool",
          "executable_users": [
            "list",
            "string"
          ],
          "filter": [
            "set",
            [
              "object",
              {
                "name": "string",
                "values": [
                  "set",
                  "string"
                ]
              }
            ]
          ],
          "hypervisor": "string",
          "id": "string",
          "image_id": "string",
          "image_location": "string",
          "image_owner_alias": "string",
          "image_type": "string",
          "imds_support": "string",
          "include_deprecated": "bool",
          "kernel_id": "string",
          "last_launched_time": "string",
          "most_recent": "bool",
          "name": "string",
          "name_regex": "string",
          "owner_id": "string",
          "owners": [
            "list",
            "string"
          ],
          "platform": "string",
          "platform_details": "string",
          "product_codes": [
            "set",
            [
              "object",
              {
                "product_code_id": "string",
                "product_code_type": "string"
              }
            ]
          ],
          "public": "bool",
          "ramdisk_id": "string",
          "root_device_name": "string",
          "root_device_type": "string",
          "root_snapshot_id": "string",
          "sriov_net_support": "string",
          "state": "string",
          "state_reason": [
            "map",
            "string"
          ],
          "tags": [
            "map",
            "string"
          ],
          "timeouts": [
            "object",
            {
              "read": "string"
            }
          ],
          "tpm_support": "string",
          "uefi_data": "string",
          "usage_operation": "string",
          "virtualization_type": "string"
        }
      ]
    },
    "availability_zones": {
      "value": [
        "us-east-2a",
        "us-east-2b",
        "us-east-2c"
      ],
      "type": [
        "list",
        "string"
      ]
    },
    "private_subnets": {
      "value": [
        {
          "arn": "arn:aws:ec2:us-east-2:650576187890:subnet/subnet-0077d686b2d2a64b8",
          "assign_ipv6_address_on_creation": false,
          "availability_zone": "us-east-2a",
          "availability_zone_id": "use2-az1",
          "cidr_block": "10.10.3.0/24",
          "customer_owned_ipv4_pool": "",
          "enable_dns64": false,
          "enable_lni_at_device_index": 0,
          "enable_resource_name_dns_a_record_on_launch": false,
          "enable_resource_name_dns_aaaa_record_on_launch": false,
          "id": "subnet-0077d686b2d2a64b8",
          "ipv6_cidr_block": "",
          "ipv6_cidr_block_association_id": "",
          "ipv6_native": false,
          "map_customer_owned_ip_on_launch": false,
          "map_public_ip_on_launch": false,
          "outpost_arn": "",
          "owner_id": "650576187890",
          "private_dns_hostname_type_on_launch": "ip-name",
          "tags": {
            "Env": "dev",
            "Name": "dev-us-east-2a-private"
          },
          "tags_all": {
            "Env": "dev",
            "Name": "dev-us-east-2a-private"
          },
          "timeouts": null,
          "vpc_id": "vpc-0065a6fbc206355c3"
        },
        {
          "arn": "arn:aws:ec2:us-east-2:650576187890:subnet/subnet-0e31af096d9829237",
          "assign_ipv6_address_on_creation": false,
          "availability_zone": "us-east-2b",
          "availability_zone_id": "use2-az2",
          "cidr_block": "10.10.4.0/24",
          "customer_owned_ipv4_pool": "",
          "enable_dns64": false,
          "enable_lni_at_device_index": 0,
          "enable_resource_name_dns_a_record_on_launch": false,
          "enable_resource_name_dns_aaaa_record_on_launch": false,
          "id": "subnet-0e31af096d9829237",
          "ipv6_cidr_block": "",
          "ipv6_cidr_block_association_id": "",
          "ipv6_native": false,
          "map_customer_owned_ip_on_launch": false,
          "map_public_ip_on_launch": false,
          "outpost_arn": "",
          "owner_id": "650576187890",
          "private_dns_hostname_type_on_launch": "ip-name",
          "tags": {
            "Env": "dev",
            "Name": "dev-us-east-2b-private"
          },
          "tags_all": {
            "Env": "dev",
            "Name": "dev-us-east-2b-private"
          },
          "timeouts": null,
          "vpc_id": "vpc-0065a6fbc206355c3"
        },
        {
          "arn": "arn:aws:ec2:us-east-2:650576187890:subnet/subnet-0c54b4905388f9b00",
          "assign_ipv6_address_on_creation": false,
          "availability_zone": "us-east-2c",
          "availability_zone_id": "use2-az3",
          "cidr_block": "10.10.5.0/24",
          "customer_owned_ipv4_pool": "",
          "enable_dns64": false,
          "enable_lni_at_device_index": 0,
          "enable_resource_name_dns_a_record_on_launch": false,
          "enable_resource_name_dns_aaaa_record_on_launch": false,
          "id": "subnet-0c54b4905388f9b00",
          "ipv6_cidr_block": "",
          "ipv6_cidr_block_association_id": "",
          "ipv6_native": false,
          "map_customer_owned_ip_on_launch": false,
          "map_public_ip_on_launch": false,
          "outpost_arn": "",
          "owner_id": "650576187890",
          "private_dns_hostname_type_on_launch": "ip-name",
          "tags": {
            "Env": "dev",
            "Name": "dev-us-east-2c-private"
          },
          "tags_all": {
            "Env": "dev",
            "Name": "dev-us-east-2c-private"
          },
          "timeouts": null,
          "vpc_id": "vpc-0065a6fbc206355c3"
        }
      ],
      "type": [
        "tuple",
        [
          [
            "object",
            {
              "arn": "string",
              "assign_ipv6_address_on_creation": "bool",
              "availability_zone": "string",
              "availability_zone_id": "string",
              "cidr_block": "string",
              "customer_owned_ipv4_pool": "string",
              "enable_dns64": "bool",
              "enable_lni_at_device_index": "number",
              "enable_resource_name_dns_a_record_on_launch": "bool",
              "enable_resource_name_dns_aaaa_record_on_launch": "bool",
              "id": "string",
              "ipv6_cidr_block": "string",
              "ipv6_cidr_block_association_id": "string",
              "ipv6_native": "bool",
              "map_customer_owned_ip_on_launch": "bool",
              "map_public_ip_on_launch": "bool",
              "outpost_arn": "string",
              "owner_id": "string",
              "private_dns_hostname_type_on_launch": "string",
              "tags": [
                "map",
                "string"
              ],
              "tags_all": [
                "map",
                "string"
              ],
              "timeouts": [
                "object",
                {
                  "create": "string",
                  "delete": "string"
                }
              ],
              "vpc_id": "string"
            }
          ],
          [
            "object",
            {
              "arn": "string",
              "assign_ipv6_address_on_creation": "bool",
              "availability_zone": "string",
              "availability_zone_id": "string",
              "cidr_block": "string",
              "customer_owned_ipv4_pool": "string",
              "enable_dns64": "bool",
              "enable_lni_at_device_index": "number",
              "enable_resource_name_dns_a_record_on_launch": "bool",
              "enable_resource_name_dns_aaaa_record_on_launch": "bool",
              "id": "string",
              "ipv6_cidr_block": "string",
              "ipv6_cidr_block_association_id": "string",
              "ipv6_native": "bool",
              "map_customer_owned_ip_on_launch": "bool",
              "map_public_ip_on_launch": "bool",
              "outpost_arn": "string",
              "owner_id": "string",
              "private_dns_hostname_type_on_launch": "string",
              "tags": [
                "map",
                "string"
              ],
              "tags_all": [
                "map",
                "string"
              ],
              "timeouts": [
                "object",
                {
                  "create": "string",
                  "delete": "string"
                }
              ],
              "vpc_id": "string"
            }
          ],
          [
            "object",
            {
              "arn": "string",
              "assign_ipv6_address_on_creation": "bool",
              "availability_zone": "string",
              "availability_zone_id": "string",
              "cidr_block": "string",
              "customer_owned_ipv4_pool": "string",
              "enable_dns64": "bool",
              "enable_lni_at_device_index": "number",
              "enable_resource_name_dns_a_record_on_launch": "bool",
              "enable_resource_name_dns_aaaa_record_on_launch": "bool",
              "id": "string",
              "ipv6_cidr_block": "string",
              "ipv6_cidr_block_association_id": "string",
              "ipv6_native": "bool",
              "map_customer_owned_ip_on_launch": "bool",
              "map_public_ip_on_launch": "bool",
              "outpost_arn": "string",
              "owner_id": "string",
              "private_dns_hostname_type_on_launch": "string",
              "tags": [
                "map",
                "string"
              ],
              "tags_all": [
                "map",
                "string"
              ],
              "timeouts": [
                "object",
                {
                  "create": "string",
                  "delete": "string"
                }
              ],
              "vpc_id": "string"
            }
          ]
        ]
      ]
    },
    "public_subnets": {
      "value": [
        {
          "arn": "arn:aws:ec2:us-east-2:650576187890:subnet/subnet-0438f8782e2ab07a5",
          "assign_ipv6_address_on_creation": false,
          "availability_zone": "us-east-2a",
          "availability_zone_id": "use2-az1",
          "cidr_block": "10.10.0.0/24",
          "customer_owned_ipv4_pool": "",
          "enable_dns64": false,
          "enable_lni_at_device_index": 0,
          "enable_resource_name_dns_a_record_on_launch": false,
          "enable_resource_name_dns_aaaa_record_on_launch": false,
          "id": "subnet-0438f8782e2ab07a5",
          "ipv6_cidr_block": "",
          "ipv6_cidr_block_association_id": "",
          "ipv6_native": false,
          "map_customer_owned_ip_on_launch": false,
          "map_public_ip_on_launch": true,
          "outpost_arn": "",
          "owner_id": "650576187890",
          "private_dns_hostname_type_on_launch": "ip-name",
          "tags": {
            "Env": "dev",
            "Name": "dev-us-east-2a-public"
          },
          "tags_all": {
            "Env": "dev",
            "Name": "dev-us-east-2a-public"
          },
          "timeouts": null,
          "vpc_id": "vpc-0065a6fbc206355c3"
        },
        {
          "arn": "arn:aws:ec2:us-east-2:650576187890:subnet/subnet-02ec32bfaff03bc0d",
          "assign_ipv6_address_on_creation": false,
          "availability_zone": "us-east-2b",
          "availability_zone_id": "use2-az2",
          "cidr_block": "10.10.1.0/24",
          "customer_owned_ipv4_pool": "",
          "enable_dns64": false,
          "enable_lni_at_device_index": 0,
          "enable_resource_name_dns_a_record_on_launch": false,
          "enable_resource_name_dns_aaaa_record_on_launch": false,
          "id": "subnet-02ec32bfaff03bc0d",
          "ipv6_cidr_block": "",
          "ipv6_cidr_block_association_id": "",
          "ipv6_native": false,
          "map_customer_owned_ip_on_launch": false,
          "map_public_ip_on_launch": true,
          "outpost_arn": "",
          "owner_id": "650576187890",
          "private_dns_hostname_type_on_launch": "ip-name",
          "tags": {
            "Env": "dev",
            "Name": "dev-us-east-2b-public"
          },
          "tags_all": {
            "Env": "dev",
            "Name": "dev-us-east-2b-public"
          },
          "timeouts": null,
          "vpc_id": "vpc-0065a6fbc206355c3"
        },
        {
          "arn": "arn:aws:ec2:us-east-2:650576187890:subnet/subnet-006e384922d860654",
          "assign_ipv6_address_on_creation": false,
          "availability_zone": "us-east-2c",
          "availability_zone_id": "use2-az3",
          "cidr_block": "10.10.2.0/24",
          "customer_owned_ipv4_pool": "",
          "enable_dns64": false,
          "enable_lni_at_device_index": 0,
          "enable_resource_name_dns_a_record_on_launch": false,
          "enable_resource_name_dns_aaaa_record_on_launch": false,
          "id": "subnet-006e384922d860654",
          "ipv6_cidr_block": "",
          "ipv6_cidr_block_association_id": "",
          "ipv6_native": false,
          "map_customer_owned_ip_on_launch": false,
          "map_public_ip_on_launch": true,
          "outpost_arn": "",
          "owner_id": "650576187890",
          "private_dns_hostname_type_on_launch": "ip-name",
          "tags": {
            "Env": "dev",
            "Name": "dev-us-east-2c-public"
          },
          "tags_all": {
            "Env": "dev",
            "Name": "dev-us-east-2c-public"
          },
          "timeouts": null,
          "vpc_id": "vpc-0065a6fbc206355c3"
        }
      ],
      "type": [
        "tuple",
        [
          [
            "object",
            {
              "arn": "string",
              "assign_ipv6_address_on_creation": "bool",
              "availability_zone": "string",
              "availability_zone_id": "string",
              "cidr_block": "string",
              "customer_owned_ipv4_pool": "string",
              "enable_dns64": "bool",
              "enable_lni_at_device_index": "number",
              "enable_resource_name_dns_a_record_on_launch": "bool",
              "enable_resource_name_dns_aaaa_record_on_launch": "bool",
              "id": "string",
              "ipv6_cidr_block": "string",
              "ipv6_cidr_block_association_id": "string",
              "ipv6_native": "bool",
              "map_customer_owned_ip_on_launch": "bool",
              "map_public_ip_on_launch": "bool",
              "outpost_arn": "string",
              "owner_id": "string",
              "private_dns_hostname_type_on_launch": "string",
              "tags": [
                "map",
                "string"
              ],
              "tags_all": [
                "map",
                "string"
              ],
              "timeouts": [
                "object",
                {
                  "create": "string",
                  "delete": "string"
                }
              ],
              "vpc_id": "string"
            }
          ],
          [
            "object",
            {
              "arn": "string",
              "assign_ipv6_address_on_creation": "bool",
              "availability_zone": "string",
              "availability_zone_id": "string",
              "cidr_block": "string",
              "customer_owned_ipv4_pool": "string",
              "enable_dns64": "bool",
              "enable_lni_at_device_index": "number",
              "enable_resource_name_dns_a_record_on_launch": "bool",
              "enable_resource_name_dns_aaaa_record_on_launch": "bool",
              "id": "string",
              "ipv6_cidr_block": "string",
              "ipv6_cidr_block_association_id": "string",
              "ipv6_native": "bool",
              "map_customer_owned_ip_on_launch": "bool",
              "map_public_ip_on_launch": "bool",
              "outpost_arn": "string",
              "owner_id": "string",
              "private_dns_hostname_type_on_launch": "string",
              "tags": [
                "map",
                "string"
              ],
              "tags_all": [
                "map",
                "string"
              ],
              "timeouts": [
                "object",
                {
                  "create": "string",
                  "delete": "string"
                }
              ],
              "vpc_id": "string"
            }
          ],
          [
            "object",
            {
              "arn": "string",
              "assign_ipv6_address_on_creation": "bool",
              "availability_zone": "string",
              "availability_zone_id": "string",
              "cidr_block": "string",
              "customer_owned_ipv4_pool": "string",
              "enable_dns64": "bool",
              "enable_lni_at_device_index": "number",
              "enable_resource_name_dns_a_record_on_launch": "bool",
              "enable_resource_name_dns_aaaa_record_on_launch": "bool",
              "id": "string",
              "ipv6_cidr_block": "string",
              "ipv6_cidr_block_association_id": "string",
              "ipv6_native": "bool",
              "map_customer_owned_ip_on_launch": "bool",
              "map_public_ip_on_launch": "bool",
              "outpost_arn": "string",
              "owner_id": "string",
              "private_dns_hostname_type_on_launch": "string",
              "tags": [
                "map",
                "string"
              ],
              "tags_all": [
                "map",
                "string"
              ],
              "timeouts": [
                "object",
                {
                  "create": "string",
                  "delete": "string"
                }
              ],
              "vpc_id": "string"
            }
          ]
        ]
      ]
    },
    "vpc_id": {
      "value": "vpc-0065a6fbc206355c3",
      "type": "string"
    }
  },
  "resources": [
    {
      "mode": "data",
      "type": "aws_ami",
      "name": "ubuntu",
      "provider": "provider[\"registry.terraform.io/hashicorp/aws\"]",
      "instances": [
        {
          "schema_version": 0,
          "attributes": {
            "architecture": "x86_64",
            "arn": "arn:aws:ec2:us-east-2::image/ami-0a265c4872897c211",
            "block_device_mappings": [
              {
                "device_name": "/dev/sda1",
                "ebs": {
                  "delete_on_termination": "true",
                  "encrypted": "false",
                  "iops": "0",
                  "snapshot_id": "snap-07a5942229a8688c8",
                  "throughput": "0",
                  "volume_size": "8",
                  "volume_type": "gp2"
                },
                "no_device": "",
                "virtual_name": ""
              },
              {
                "device_name": "/dev/sdb",
                "ebs": {},
                "no_device": "",
                "virtual_name": "ephemeral0"
              },
              {
                "device_name": "/dev/sdc",
                "ebs": {},
                "no_device": "",
                "virtual_name": "ephemeral1"
              }
            ],
            "boot_mode": "legacy-bios",
            "creation_date": "2025-05-08T11:46:32.000Z",
            "deprecation_time": "2027-05-08T11:46:32.000Z",
            "description": "Canonical, Ubuntu, 20.04, amd64 focal image",
            "ena_support": true,
            "executable_users": null,
            "filter": [
              {
                "name": "name",
                "values": [
                  "ubuntu/images/hvm-ssd/ubuntu-focal-20.04-amd64-server-*"
                ]
              },
              {
                "name": "virtualization-type",
                "values": [
                  "hvm"
                ]
              }
            ],
            "hypervisor": "xen",
            "id": "ami-0a265c4872897c211",
            "image_id": "ami-0a265c4872897c211",
            "image_location": "amazon/ubuntu/images/hvm-ssd/ubuntu-focal-20.04-amd64-server-20250508.1",
            "image_owner_alias": "amazon",
            "image_type": "machine",
            "imds_support": "",
            "include_deprecated": false,
            "kernel_id": "",
            "last_launched_time": "",
            "most_recent": true,
            "name": "ubuntu/images/hvm-ssd/ubuntu-focal-20.04-amd64-server-20250508.1",
            "name_regex": null,
            "owner_id": "099720109477",
            "owners": [
              "099720109477"
            ],
            "platform": "",
            "platform_details": "Linux/UNIX",
            "product_codes": [],
            "public": true,
            "ramdisk_id": "",
            "root_device_name": "/dev/sda1",
            "root_device_type": "ebs",
            "root_snapshot_id": "snap-07a5942229a8688c8",
            "sriov_net_support": "simple",
            "state": "available",
            "state_reason": {
              "code": "UNSET",
              "message": "UNSET"
            },
            "tags": {},
            "timeouts": null,
            "tpm_support": "",
            "uefi_data": null,
            "usage_operation": "RunInstances",
            "virtualization_type": "hvm"
          },
          "sensitive_attributes": []
        }
      ]
    },
    {
      "mode": "data",
      "type": "aws_availability_zones",
      "name": "available",
      "provider": "provider[\"registry.terraform.io/hashicorp/aws\"]",
      "instances": [
        {
          "schema_version": 0,
          "attributes": {
            "all_availability_zones": null,
            "exclude_names": null,
            "exclude_zone_ids": null,
            "filter": null,
            "group_names": [
              "us-east-2-zg-1"
            ],
            "id": "us-east-2",
            "names": [
              "us-east-2a",
              "us-east-2b",
              "us-east-2c"
            ],
            "state": "available",
            "timeouts": null,
            "zone_ids": [
              "use2-az1",
              "use2-az2",
              "use2-az3"
            ]
          },
          "sensitive_attributes": []
        }
      ]
    },
    {
      "module": "module.ecs",
      "mode": "data",
      "type": "aws_ecr_repository",
      "name": "service",
      "provider": "provider[\"registry.terraform.io/hashicorp/aws\"]",
      "instances": [
        {
          "schema_version": 0,
          "attributes": {
            "arn": "arn:aws:ecr:us-east-2:650576187890:repository/test",
            "encryption_configuration": [
              {
                "encryption_type": "AES256",
                "kms_key": ""
              }
            ],
            "id": "test",
            "image_scanning_configuration": [
              {
                "scan_on_push": false
              }
            ],
            "image_tag_mutability": "IMMUTABLE",
            "most_recent_image_tags": [],
            "name": "test",
            "registry_id": "650576187890",
            "repository_url": "650576187890.dkr.ecr.us-east-2.amazonaws.com/test",
            "tags": {}
          },
          "sensitive_attributes": []
        }
      ]
    },
    {
      "module": "module.ecs",
      "mode": "managed",
      "type": "aws_ecr_repository",
      "name": "demo-repository",
      "provider": "provider[\"registry.terraform.io/hashicorp/aws\"]",
      "instances": [
        {
          "schema_version": 0,
          "attributes": {
            "arn": "arn:aws:ecr:us-east-2:650576187890:repository/test",
            "encryption_configuration": [
              {
                "encryption_type": "AES256",
                "kms_key": ""
              }
            ],
            "force_delete": null,
            "id": "test",
            "image_scanning_configuration": [
              {
                "scan_on_push": false
              }
            ],
            "image_tag_mutability": "IMMUTABLE",
            "name": "test",
            "registry_id": "650576187890",
            "repository_url": "650576187890.dkr.ecr.us-east-2.amazonaws.com/test",
            "tags": null,
            "tags_all": {},
            "timeouts": null
          },
          "sensitive_attributes": [],
          "private": "eyJlMmJmYjczMC1lY2FhLTExZTYtOGY4OC0zNDM2M2JjN2M0YzAiOnsiZGVsZXRlIjoxMjAwMDAwMDAwMDAwfX0="
        }
      ]
    },
    {
      "module": "module.ecs",
      "mode": "managed",
      "type": "aws_ecs_cluster",
      "name": "main",
      "provider": "provider[\"registry.terraform.io/hashicorp/aws\"]",
      "instances": [
        {
          "schema_version": 0,
          "attributes": {
            "arn": "arn:aws:ecs:us-east-2:650576187890:cluster/test-cluster",
            "configuration": [],
            "id": "arn:aws:ecs:us-east-2:650576187890:cluster/test-cluster",
            "name": "test-cluster",
            "service_connect_defaults": [],
            "setting": [
              {
                "name": "containerInsights",
                "value": "disabled"
              }
            ],
            "tags": null,
            "tags_all": {}
          },
          "sensitive_attributes": [],
          "private": "bnVsbA=="
        }
      ]
    },
    {
      "module": "module.ecs",
      "mode": "managed",
      "type": "aws_ecs_service",
      "name": "hello_world",
      "provider": "provider[\"registry.terraform.io/hashicorp/aws\"]",
      "instances": [
        {
          "schema_version": 1,
          "attributes": {
            "alarms": [],
            "availability_zone_rebalancing": "DISABLED",
            "capacity_provider_strategy": [],
            "cluster": "arn:aws:ecs:us-east-2:650576187890:cluster/test-cluster",
            "deployment_circuit_breaker": [
              {
                "enable": false,
                "rollback": false
              }
            ],
            "deployment_controller": [
              {
                "type": "ECS"
              }
            ],
            "deployment_maximum_percent": 200,
            "deployment_minimum_healthy_percent": 100,
            "desired_count": 1,
            "enable_ecs_managed_tags": false,
            "enable_execute_command": false,
            "force_delete": null,
            "force_new_deployment": null,
            "health_check_grace_period_seconds": 0,
            "iam_role": "/aws-service-role/ecs.amazonaws.com/AWSServiceRoleForECS",
            "id": "arn:aws:ecs:us-east-2:650576187890:service/test-cluster/test-service",
            "launch_type": "FARGATE",
            "load_balancer": [
              {
                "container_name": "test-container",
                "container_port": 3000,
                "elb_name": "",
                "target_group_arn": "arn:aws:elasticloadbalancing:us-east-2:650576187890:targetgroup/test-tg/491301d50d408486"
              }
            ],
            "name": "test-service",
            "network_configuration": [
              {
                "assign_public_ip": false,
                "security_groups": [
                  "sg-055cf992b54ff734e"
                ],
                "subnets": [
                  "subnet-0077d686b2d2a64b8",
                  "subnet-0c54b4905388f9b00",
                  "subnet-0e31af096d9829237"
                ]
              }
            ],
            "ordered_placement_strategy": [],
            "placement_constraints": [],
            "platform_version": "LATEST",
            "propagate_tags": "NONE",
            "scheduling_strategy": "REPLICA",
            "service_connect_configuration": [],
            "service_registries": [],
            "tags": null,
            "tags_all": {},
            "task_definition": "arn:aws:ecs:us-east-2:650576187890:task-definition/test-td:2",
            "timeouts": null,
            "triggers": {},
            "volume_configuration": [],
            "vpc_lattice_configurations": [],
            "wait_for_steady_state": false
          },
          "sensitive_attributes": [],
          "private": "eyJlMmJmYjczMC1lY2FhLTExZTYtOGY4OC0zNDM2M2JjN2M0YzAiOnsiY3JlYXRlIjoxMjAwMDAwMDAwMDAwLCJkZWxldGUiOjEyMDAwMDAwMDAwMDAsInVwZGF0ZSI6MTIwMDAwMDAwMDAwMH0sInNjaGVtYV92ZXJzaW9uIjoiMSJ9",
          "dependencies": [
            "data.aws_availability_zones.available",
            "module.ecs.aws_ecr_repository.demo-repository",
            "module.ecs.aws_ecs_cluster.main",
            "module.ecs.aws_ecs_task_definition.app",
            "module.ecs.aws_iam_role.ecs_task_execution_role",
            "module.ecs.aws_lb_target_group.my-target-group",
            "module.ecs.data.aws_ecr_repository.service",
            "module.vpc.aws_security_group.ECS-sg",
            "module.vpc.aws_security_group.LoadBalancer-sg",
            "module.vpc.aws_subnet.private",
            "module.vpc.aws_vpc.vpc"
          ]
        }
      ]
    },
    {
      "module": "module.ecs",
      "mode": "managed",
      "type": "aws_ecs_task_definition",
      "name": "app",
      "provider": "provider[\"registry.terraform.io/hashicorp/aws\"]",
      "instances": [
        {
          "schema_version": 1,
          "attributes": {
            "arn": "arn:aws:ecs:us-east-2:650576187890:task-definition/test-td:2",
            "arn_without_revision": "arn:aws:ecs:us-east-2:650576187890:task-definition/test-td",
            "container_definitions": "[{\"cpu\":256,\"environment\":[],\"essential\":true,\"image\":\"650576187890.dkr.ecr.us-east-2.amazonaws.com/test\",\"memory\":512,\"mountPoints\":[],\"name\":\"test-container\",\"portMappings\":[{\"containerPort\":3000,\"hostPort\":3000,\"protocol\":\"tcp\"}],\"systemControls\":[],\"volumesFrom\":[]}]",
            "cpu": "512",
            "enable_fault_injection": false,
            "ephemeral_storage": [],
            "execution_role_arn": "arn:aws:iam::650576187890:role/role-name",
            "family": "test-td",
            "id": "test-td",
            "inference_accelerator": [],
            "ipc_mode": "",
            "memory": "1024",
            "network_mode": "awsvpc",
            "pid_mode": "",
            "placement_constraints": [],
            "proxy_configuration": [],
            "requires_compatibilities": [
              "FARGATE"
            ],
            "revision": 2,
            "runtime_platform": [],
            "skip_destroy": false,
            "tags": null,
            "tags_all": {},
            "task_role_arn": "",
            "track_latest": false,
            "volume": []
          },
          "sensitive_attributes": [],
          "private": "eyJzY2hlbWFfdmVyc2lvbiI6IjEifQ==",
          "dependencies": [
            "module.ecs.aws_ecr_repository.demo-repository",
            "module.ecs.aws_iam_role.ecs_task_execution_role",
            "module.ecs.data.aws_ecr_repository.service"
          ]
        }
      ]
    },
    {
      "module": "module.ecs",
      "mode": "managed",
      "type": "aws_iam_role",
      "name": "ecs_task_execution_role",
      "provider": "provider[\"registry.terraform.io/hashicorp/aws\"]",
      "instances": [
        {
          "schema_version": 0,
          "attributes": {
            "arn": "arn:aws:iam::650576187890:role/role-name",
            "assume_role_policy": "{\"Statement\":[{\"Action\":\"sts:AssumeRole\",\"Effect\":\"Allow\",\"Principal\":{\"Service\":\"ecs-tasks.amazonaws.com\"},\"Sid\":\"\"}],\"Version\":\"2012-10-17\"}",
            "create_date": "2025-05-09T04:45:44Z",
            "description": "",
            "force_detach_policies": false,
            "id": "role-name",
            "inline_policy": [],
            "managed_policy_arns": [],
            "max_session_duration": 3600,
            "name": "role-name",
            "name_prefix": "",
            "path": "/",
            "permissions_boundary": "",
            "tags": null,
            "tags_all": {},
            "unique_id": "AROAZO6K42HZGESJSH273"
          },
          "sensitive_attributes": [],
          "private": "bnVsbA=="
        }
      ]
    },
    {
      "module": "module.ecs",
      "mode": "managed",
      "type": "aws_iam_role_policy_attachment",
      "name": "ecs-task-execution-role-policy-attachment",
      "provider": "provider[\"registry.terraform.io/hashicorp/aws\"]",
      "instances": [
        {
          "schema_version": 0,
          "attributes": {
            "id": "role-name-20250509044544986800000001",
            "policy_arn": "arn:aws:iam::aws:policy/service-role/AmazonECSTaskExecutionRolePolicy",
            "role": "role-name"
          },
          "sensitive_attributes": [],
          "private": "bnVsbA==",
          "dependencies": [
            "module.ecs.aws_iam_role.ecs_task_execution_role"
          ]
        }
      ]
    },
    {
      "module": "module.ecs",
      "mode": "managed",
      "type": "aws_lb",
      "name": "my-load-balancer",
      "provider": "provider[\"registry.terraform.io/hashicorp/aws\"]",
      "instances": [
        {
          "schema_version": 0,
          "attributes": {
            "access_logs": [
              {
                "bucket": "",
                "enabled": false,
                "prefix": ""
              }
            ],
            "arn": "arn:aws:elasticloadbalancing:us-east-2:650576187890:loadbalancer/app/test-lb/00ae378c859dc14d",
            "arn_suffix": "app/test-lb/00ae378c859dc14d",
            "client_keep_alive": 3600,
            "connection_logs": [
              {
                "bucket": "",
                "enabled": false,
                "prefix": ""
              }
            ],
            "customer_owned_ipv4_pool": "",
            "desync_mitigation_mode": "defensive",
            "dns_name": "test-lb-1455357567.us-east-2.elb.amazonaws.com",
            "dns_record_client_routing_policy": null,
            "drop_invalid_header_fields": false,
            "enable_cross_zone_load_balancing": true,
            "enable_deletion_protection": false,
            "enable_http2": true,
            "enable_tls_version_and_cipher_suite_headers": false,
            "enable_waf_fail_open": false,
            "enable_xff_client_port": false,
            "enable_zonal_shift": false,
            "enforce_security_group_inbound_rules_on_private_link_traffic": "",
            "id": "arn:aws:elasticloadbalancing:us-east-2:650576187890:loadbalancer/app/test-lb/00ae378c859dc14d",
            "idle_timeout": 60,
            "internal": false,
            "ip_address_type": "ipv4",
            "ipam_pools": [],
            "load_balancer_type": "application",
            "name": "test-lb",
            "name_prefix": "",
            "preserve_host_header": false,
            "security_groups": [
              "sg-0e4684ed8716f5ec8"
            ],
            "subnet_mapping": [
              {
                "allocation_id": "",
                "ipv6_address": "",
                "outpost_id": "",
                "private_ipv4_address": "",
                "subnet_id": "subnet-006e384922d860654"
              },
              {
                "allocation_id": "",
                "ipv6_address": "",
                "outpost_id": "",
                "private_ipv4_address": "",
                "subnet_id": "subnet-02ec32bfaff03bc0d"
              },
              {
                "allocation_id": "",
                "ipv6_address": "",
                "outpost_id": "",
                "private_ipv4_address": "",
                "subnet_id": "subnet-0438f8782e2ab07a5"
              }
            ],
            "subnets": [
              "subnet-006e384922d860654",
              "subnet-02ec32bfaff03bc0d",
              "subnet-0438f8782e2ab07a5"
            ],
            "tags": null,
            "tags_all": {},
            "timeouts": null,
            "vpc_id": "vpc-0065a6fbc206355c3",
            "xff_header_processing_mode": "append",
            "zone_id": "Z3AADJGX6KTTL2"
          },
          "sensitive_attributes": [],
          "private": "eyJlMmJmYjczMC1lY2FhLTExZTYtOGY4OC0zNDM2M2JjN2M0YzAiOnsiY3JlYXRlIjo2MDAwMDAwMDAwMDAsImRlbGV0ZSI6NjAwMDAwMDAwMDAwLCJ1cGRhdGUiOjYwMDAwMDAwMDAwMH19",
          "dependencies": [
            "data.aws_availability_zones.available",
            "module.vpc.aws_security_group.LoadBalancer-sg",
            "module.vpc.aws_subnet.public",
            "module.vpc.aws_vpc.vpc"
          ]
        }
      ]
    },
    {
      "module": "module.ecs",
      "mode": "managed",
      "type": "aws_lb_listener",
      "name": "my_alb_listener",
      "provider": "provider[\"registry.terraform.io/hashicorp/aws\"]",
      "instances": [
        {
          "schema_version": 0,
          "attributes": {
            "alpn_policy": null,
            "arn": "arn:aws:elasticloadbalancing:us-east-2:650576187890:listener/app/test-lb/00ae378c859dc14d/af5f638d21f7cfd7",
            "certificate_arn": null,
            "default_action": [
              {
                "authenticate_cognito": [],
                "authenticate_oidc": [],
                "fixed_response": [],
                "forward": [],
                "order": 1,
                "redirect": [],
                "target_group_arn": "arn:aws:elasticloadbalancing:us-east-2:650576187890:targetgroup/test-tg/491301d50d408486",
                "type": "forward"
              }
            ],
            "id": "arn:aws:elasticloadbalancing:us-east-2:650576187890:listener/app/test-lb/00ae378c859dc14d/af5f638d21f7cfd7",
            "load_balancer_arn": "arn:aws:elasticloadbalancing:us-east-2:650576187890:loadbalancer/app/test-lb/00ae378c859dc14d",
            "mutual_authentication": [],
            "port": 80,
            "protocol": "HTTP",
            "routing_http_request_x_amzn_mtls_clientcert_header_name": null,
            "routing_http_request_x_amzn_mtls_clientcert_issuer_header_name": null,
            "routing_http_request_x_amzn_mtls_clientcert_leaf_header_name": null,
            "routing_http_request_x_amzn_mtls_clientcert_serial_number_header_name": null,
            "routing_http_request_x_amzn_mtls_clientcert_subject_header_name": null,
            "routing_http_request_x_amzn_mtls_clientcert_validity_header_name": null,
            "routing_http_request_x_amzn_tls_cipher_suite_header_name": null,
            "routing_http_request_x_amzn_tls_version_header_name": null,
            "routing_http_response_access_control_allow_credentials_header_value": "",
            "routing_http_response_access_control_allow_headers_header_value": "",
            "routing_http_response_access_control_allow_methods_header_value": "",
            "routing_http_response_access_control_allow_origin_header_value": "",
            "routing_http_response_access_control_expose_headers_header_value": "",
            "routing_http_response_access_control_max_age_header_value": "",
            "routing_http_response_content_security_policy_header_value": "",
            "routing_http_response_server_enabled": false,
            "routing_http_response_strict_transport_security_header_value": "",
            "routing_http_response_x_content_type_options_header_value": "",
            "routing_http_response_x_frame_options_header_value": "",
            "ssl_policy": "",
            "tags": null,
            "tags_all": {},
            "tcp_idle_timeout_seconds": null,
            "timeouts": null
          },
          "sensitive_attributes": [],
          "private": "eyJlMmJmYjczMC1lY2FhLTExZTYtOGY4OC0zNDM2M2JjN2M0YzAiOnsiY3JlYXRlIjozMDAwMDAwMDAwMDAsInVwZGF0ZSI6MzAwMDAwMDAwMDAwfX0=",
          "dependencies": [
            "data.aws_availability_zones.available",
            "module.ecs.aws_lb.my-load-balancer",
            "module.ecs.aws_lb_target_group.my-target-group",
            "module.vpc.aws_security_group.LoadBalancer-sg",
            "module.vpc.aws_subnet.public",
            "module.vpc.aws_vpc.vpc"
          ]
        }
      ]
    },
    {
      "module": "module.ecs",
      "mode": "managed",
      "type": "aws_lb_target_group",
      "name": "my-target-group",
      "provider": "provider[\"registry.terraform.io/hashicorp/aws\"]",
      "instances": [
        {
          "schema_version": 0,
          "attributes": {
            "arn": "arn:aws:elasticloadbalancing:us-east-2:650576187890:targetgroup/test-tg/491301d50d408486",
            "arn_suffix": "targetgroup/test-tg/491301d50d408486",
            "connection_termination": null,
            "deregistration_delay": "300",
            "health_check": [
              {
                "enabled": true,
                "healthy_threshold": 5,
                "interval": 10,
                "matcher": "200",
                "path": "/",
                "port": "traffic-port",
                "protocol": "HTTP",
                "timeout": 5,
                "unhealthy_threshold": 2
              }
            ],
            "id": "arn:aws:elasticloadbalancing:us-east-2:650576187890:targetgroup/test-tg/491301d50d408486",
            "ip_address_type": "ipv4",
            "lambda_multi_value_headers_enabled": false,
            "load_balancer_arns": [],
            "load_balancing_algorithm_type": "round_robin",
            "load_balancing_anomaly_mitigation": "off",
            "load_balancing_cross_zone_enabled": "use_load_balancer_configuration",
            "name": "test-tg",
            "name_prefix": "",
            "port": 80,
            "preserve_client_ip": null,
            "protocol": "HTTP",
            "protocol_version": "HTTP1",
            "proxy_protocol_v2": false,
            "slow_start": 0,
            "stickiness": [
              {
                "cookie_duration": 86400,
                "cookie_name": "",
                "enabled": false,
                "type": "lb_cookie"
              }
            ],
            "tags": null,
            "tags_all": {},
            "target_failover": [
              {
                "on_deregistration": null,
                "on_unhealthy": null
              }
            ],
            "target_group_health": [
              {
                "dns_failover": [
                  {
                    "minimum_healthy_targets_count": "1",
                    "minimum_healthy_targets_percentage": "off"
                  }
                ],
                "unhealthy_state_routing": [
                  {
                    "minimum_healthy_targets_count": 1,
                    "minimum_healthy_targets_percentage": "off"
                  }
                ]
              }
            ],
            "target_health_state": [
              {
                "enable_unhealthy_connection_termination": null,
                "unhealthy_draining_interval": null
              }
            ],
            "target_type": "ip",
            "vpc_id": "vpc-0065a6fbc206355c3"
          },
          "sensitive_attributes": [],
          "private": "bnVsbA==",
          "dependencies": [
            "module.vpc.aws_vpc.vpc"
          ]
        }
      ]
    },
    {
      "module": "module.vpc",
      "mode": "managed",
      "type": "aws_eip",
      "name": "nat_eip",
      "provider": "provider[\"registry.terraform.io/hashicorp/aws\"]",
      "instances": [
        {
          "schema_version": 0,
          "attributes": {
            "address": null,
            "allocation_id": "eipalloc-0ba626cea23f42070",
            "arn": "arn:aws:ec2:us-east-2:650576187890:elastic-ip/eipalloc-0ba626cea23f42070",
            "associate_with_private_ip": null,
            "association_id": "",
            "carrier_ip": "",
            "customer_owned_ip": "",
            "customer_owned_ipv4_pool": "",
            "domain": "vpc",
            "id": "eipalloc-0ba626cea23f42070",
            "instance": "",
            "ipam_pool_id": null,
            "network_border_group": "us-east-2",
            "network_interface": "",
            "private_dns": null,
            "private_ip": "",
            "ptr_record": "",
            "public_dns": "ec2-3-12-59-204.us-east-2.compute.amazonaws.com",
            "public_ip": "3.12.59.204",
            "public_ipv4_pool": "amazon",
            "tags": null,
            "tags_all": {},
            "timeouts": null,
            "vpc": true
          },
          "sensitive_attributes": [],
          "private": "eyJlMmJmYjczMC1lY2FhLTExZTYtOGY4OC0zNDM2M2JjN2M0YzAiOnsiZGVsZXRlIjoxODAwMDAwMDAwMDAsInJlYWQiOjkwMDAwMDAwMDAwMCwidXBkYXRlIjozMDAwMDAwMDAwMDB9fQ=="
        }
      ]
    },
    {
      "module": "module.vpc",
      "mode": "managed",
      "type": "aws_internet_gateway",
      "name": "ig",
      "provider": "provider[\"registry.terraform.io/hashicorp/aws\"]",
      "instances": [
        {
          "schema_version": 0,
          "attributes": {
            "arn": "arn:aws:ec2:us-east-2:650576187890:internet-gateway/igw-0f1432c524c443f32",
            "id": "igw-0f1432c524c443f32",
            "owner_id": "650576187890",
            "tags": {
              "Env": "dev",
              "Name": "test-vpc-igw"
            },
            "tags_all": {
              "Env": "dev",
              "Name": "test-vpc-igw"
            },
            "timeouts": null,
            "vpc_id": "vpc-0065a6fbc206355c3"
          },
          "sensitive_attributes": [],
          "private": "eyJlMmJmYjczMC1lY2FhLTExZTYtOGY4OC0zNDM2M2JjN2M0YzAiOnsiY3JlYXRlIjoxMjAwMDAwMDAwMDAwLCJkZWxldGUiOjEyMDAwMDAwMDAwMDAsInVwZGF0ZSI6MTIwMDAwMDAwMDAwMH19",
          "dependencies": [
            "module.vpc.aws_vpc.vpc"
          ]
        }
      ]
    },
    {
      "module": "module.vpc",
      "mode": "managed",
      "type": "aws_nat_gateway",
      "name": "nat",
      "provider": "provider[\"registry.terraform.io/hashicorp/aws\"]",
      "instances": [
        {
          "schema_version": 0,
          "attributes": {
            "allocation_id": "eipalloc-0ba626cea23f42070",
            "association_id": "eipassoc-060ed755e4eaac90f",
            "connectivity_type": "public",
            "id": "nat-0d205f0cc3aca580b",
            "network_interface_id": "eni-027fdb1d7ab6075fd",
            "private_ip": "10.10.0.96",
            "public_ip": "3.12.59.204",
            "secondary_allocation_ids": null,
            "secondary_private_ip_address_count": 0,
            "secondary_private_ip_addresses": [],
            "subnet_id": "subnet-0438f8782e2ab07a5",
            "tags": {
              "Env": "dev",
              "Name": "test-vpc-nat"
            },
            "tags_all": {
              "Env": "dev",
              "Name": "test-vpc-nat"
            },
            "timeouts": null
          },
          "sensitive_attributes": [],
          "private": "eyJlMmJmYjczMC1lY2FhLTExZTYtOGY4OC0zNDM2M2JjN2M0YzAiOnsiY3JlYXRlIjo2MDAwMDAwMDAwMDAsImRlbGV0ZSI6MTgwMDAwMDAwMDAwMCwidXBkYXRlIjo2MDAwMDAwMDAwMDB9fQ==",
          "dependencies": [
            "data.aws_availability_zones.available",
            "module.vpc.aws_eip.nat_eip",
            "module.vpc.aws_subnet.public",
            "module.vpc.aws_vpc.vpc"
          ]
        }
      ]
    },
    {
      "module": "module.vpc",
      "mode": "managed",
      "type": "aws_route",
      "name": "private_nat_gateway",
      "provider": "provider[\"registry.terraform.io/hashicorp/aws\"]",
      "instances": [
        {
          "schema_version": 0,
          "attributes": {
            "carrier_gateway_id": "",
            "core_network_arn": "",
            "destination_cidr_block": "0.0.0.0/0",
            "destination_ipv6_cidr_block": "",
            "destination_prefix_list_id": "",
            "egress_only_gateway_id": "",
            "gateway_id": "",
            "id": "r-rtb-051f244cff4badfe21080289494",
            "instance_id": "",
            "instance_owner_id": "",
            "local_gateway_id": "",
            "nat_gateway_id": "nat-0d205f0cc3aca580b",
            "network_interface_id": "",
            "origin": "CreateRoute",
            "route_table_id": "rtb-051f244cff4badfe2",
            "state": "active",
            "timeouts": null,
            "transit_gateway_id": "",
            "vpc_endpoint_id": "",
            "vpc_peering_connection_id": ""
          },
          "sensitive_attributes": [],
          "private": "eyJlMmJmYjczMC1lY2FhLTExZTYtOGY4OC0zNDM2M2JjN2M0YzAiOnsiY3JlYXRlIjozMDAwMDAwMDAwMDAsImRlbGV0ZSI6MzAwMDAwMDAwMDAwLCJ1cGRhdGUiOjEyMDAwMDAwMDAwMH19",
          "dependencies": [
            "data.aws_availability_zones.available",
            "module.vpc.aws_eip.nat_eip",
            "module.vpc.aws_nat_gateway.nat",
            "module.vpc.aws_route_table.private",
            "module.vpc.aws_subnet.public",
            "module.vpc.aws_vpc.vpc"
          ]
        }
      ]
    },
    {
      "module": "module.vpc",
      "mode": "managed",
      "type": "aws_route",
      "name": "public_internet_gateway",
      "provider": "provider[\"registry.terraform.io/hashicorp/aws\"]",
      "instances": [
        {
          "schema_version": 0,
          "attributes": {
            "carrier_gateway_id": "",
            "core_network_arn": "",
            "destination_cidr_block": "0.0.0.0/0",
            "destination_ipv6_cidr_block": "",
            "destination_prefix_list_id": "",
            "egress_only_gateway_id": "",
            "gateway_id": "igw-0f1432c524c443f32",
            "id": "r-rtb-02ed80d2865a1de101080289494",
            "instance_id": "",
            "instance_owner_id": "",
            "local_gateway_id": "",
            "nat_gateway_id": "",
            "network_interface_id": "",
            "origin": "CreateRoute",
            "route_table_id": "rtb-02ed80d2865a1de10",
            "state": "active",
            "timeouts": null,
            "transit_gateway_id": "",
            "vpc_endpoint_id": "",
            "vpc_peering_connection_id": ""
          },
          "sensitive_attributes": [],
          "private": "eyJlMmJmYjczMC1lY2FhLTExZTYtOGY4OC0zNDM2M2JjN2M0YzAiOnsiY3JlYXRlIjozMDAwMDAwMDAwMDAsImRlbGV0ZSI6MzAwMDAwMDAwMDAwLCJ1cGRhdGUiOjEyMDAwMDAwMDAwMH19",
          "dependencies": [
            "module.vpc.aws_internet_gateway.ig",
            "module.vpc.aws_route_table.public",
            "module.vpc.aws_vpc.vpc"
          ]
        }
      ]
    },
    {
      "module": "module.vpc",
      "mode": "managed",
      "type": "aws_route_table",
      "name": "private",
      "provider": "provider[\"registry.terraform.io/hashicorp/aws\"]",
      "instances": [
        {
          "schema_version": 0,
          "attributes": {
            "arn": "arn:aws:ec2:us-east-2:650576187890:route-table/rtb-051f244cff4badfe2",
            "id": "rtb-051f244cff4badfe2",
            "owner_id": "650576187890",
            "propagating_vgws": [],
            "route": [],
            "tags": {
              "Environment": "dev",
              "Name": "test-vpc-private-route-table"
            },
            "tags_all": {
              "Environment": "dev",
              "Name": "test-vpc-private-route-table"
            },
            "timeouts": null,
            "vpc_id": "vpc-0065a6fbc206355c3"
          },
          "sensitive_attributes": [],
          "private": "eyJlMmJmYjczMC1lY2FhLTExZTYtOGY4OC0zNDM2M2JjN2M0YzAiOnsiY3JlYXRlIjozMDAwMDAwMDAwMDAsImRlbGV0ZSI6MzAwMDAwMDAwMDAwLCJ1cGRhdGUiOjEyMDAwMDAwMDAwMH19",
          "dependencies": [
            "module.vpc.aws_vpc.vpc"
          ]
        }
      ]
    },
    {
      "module": "module.vpc",
      "mode": "managed",
      "type": "aws_route_table",
      "name": "public",
      "provider": "provider[\"registry.terraform.io/hashicorp/aws\"]",
      "instances": [
        {
          "schema_version": 0,
          "attributes": {
            "arn": "arn:aws:ec2:us-east-2:650576187890:route-table/rtb-02ed80d2865a1de10",
            "id": "rtb-02ed80d2865a1de10",
            "owner_id": "650576187890",
            "propagating_vgws": [],
            "route": [],
            "tags": {
              "Environment": "dev",
              "Name": "test-vpc-public-route-table"
            },
            "tags_all": {
              "Environment": "dev",
              "Name": "test-vpc-public-route-table"
            },
            "timeouts": null,
            "vpc_id": "vpc-0065a6fbc206355c3"
          },
          "sensitive_attributes": [],
          "private": "eyJlMmJmYjczMC1lY2FhLTExZTYtOGY4OC0zNDM2M2JjN2M0YzAiOnsiY3JlYXRlIjozMDAwMDAwMDAwMDAsImRlbGV0ZSI6MzAwMDAwMDAwMDAwLCJ1cGRhdGUiOjEyMDAwMDAwMDAwMH19",
          "dependencies": [
            "module.vpc.aws_vpc.vpc"
          ]
        }
      ]
    },
    {
      "module": "module.vpc",
      "mode": "managed",
      "type": "aws_route_table_association",
      "name": "private",
      "provider": "provider[\"registry.terraform.io/hashicorp/aws\"]",
      "instances": [
        {
          "index_key": 0,
          "schema_version": 0,
          "attributes": {
            "gateway_id": "",
            "id": "rtbassoc-0b963759bf0e9e6e4",
            "route_table_id": "rtb-051f244cff4badfe2",
            "subnet_id": "subnet-0077d686b2d2a64b8",
            "timeouts": null
          },
          "sensitive_attributes": [],
          "private": "eyJlMmJmYjczMC1lY2FhLTExZTYtOGY4OC0zNDM2M2JjN2M0YzAiOnsiY3JlYXRlIjozMDAwMDAwMDAwMDAsImRlbGV0ZSI6MzAwMDAwMDAwMDAwLCJ1cGRhdGUiOjEyMDAwMDAwMDAwMH19",
          "dependencies": [
            "data.aws_availability_zones.available",
            "module.vpc.aws_route_table.private",
            "module.vpc.aws_subnet.private",
            "module.vpc.aws_vpc.vpc"
          ]
        },
        {
          "index_key": 1,
          "schema_version": 0,
          "attributes": {
            "gateway_id": "",
            "id": "rtbassoc-04d1f5c3884c2e0a8",
            "route_table_id": "rtb-051f244cff4badfe2",
            "subnet_id": "subnet-0e31af096d9829237",
            "timeouts": null
          },
          "sensitive_attributes": [],
          "private": "eyJlMmJmYjczMC1lY2FhLTExZTYtOGY4OC0zNDM2M2JjN2M0YzAiOnsiY3JlYXRlIjozMDAwMDAwMDAwMDAsImRlbGV0ZSI6MzAwMDAwMDAwMDAwLCJ1cGRhdGUiOjEyMDAwMDAwMDAwMH19",
          "dependencies": [
            "data.aws_availability_zones.available",
            "module.vpc.aws_route_table.private",
            "module.vpc.aws_subnet.private",
            "module.vpc.aws_vpc.vpc"
          ]
        },
        {
          "index_key": 2,
          "schema_version": 0,
          "attributes": {
            "gateway_id": "",
            "id": "rtbassoc-0095330f7fc35e87a",
            "route_table_id": "rtb-051f244cff4badfe2",
            "subnet_id": "subnet-0c54b4905388f9b00",
            "timeouts": null
          },
          "sensitive_attributes": [],
          "private": "eyJlMmJmYjczMC1lY2FhLTExZTYtOGY4OC0zNDM2M2JjN2M0YzAiOnsiY3JlYXRlIjozMDAwMDAwMDAwMDAsImRlbGV0ZSI6MzAwMDAwMDAwMDAwLCJ1cGRhdGUiOjEyMDAwMDAwMDAwMH19",
          "dependencies": [
            "data.aws_availability_zones.available",
            "module.vpc.aws_route_table.private",
            "module.vpc.aws_subnet.private",
            "module.vpc.aws_vpc.vpc"
          ]
        }
      ]
    },
    {
      "module": "module.vpc",
      "mode": "managed",
      "type": "aws_route_table_association",
      "name": "public",
      "provider": "provider[\"registry.terraform.io/hashicorp/aws\"]",
      "instances": [
        {
          "index_key": 0,
          "schema_version": 0,
          "attributes": {
            "gateway_id": "",
            "id": "rtbassoc-0d049bf4890ceb552",
            "route_table_id": "rtb-02ed80d2865a1de10",
            "subnet_id": "subnet-0438f8782e2ab07a5",
            "timeouts": null
          },
          "sensitive_attributes": [],
          "private": "eyJlMmJmYjczMC1lY2FhLTExZTYtOGY4OC0zNDM2M2JjN2M0YzAiOnsiY3JlYXRlIjozMDAwMDAwMDAwMDAsImRlbGV0ZSI6MzAwMDAwMDAwMDAwLCJ1cGRhdGUiOjEyMDAwMDAwMDAwMH19",
          "dependencies": [
            "data.aws_availability_zones.available",
            "module.vpc.aws_route_table.public",
            "module.vpc.aws_subnet.public",
            "module.vpc.aws_vpc.vpc"
          ]
        },
        {
          "index_key": 1,
          "schema_version": 0,
          "attributes": {
            "gateway_id": "",
            "id": "rtbassoc-05bd0244a3b21d4eb",
            "route_table_id": "rtb-02ed80d2865a1de10",
            "subnet_id": "subnet-02ec32bfaff03bc0d",
            "timeouts": null
          },
          "sensitive_attributes": [],
          "private": "eyJlMmJmYjczMC1lY2FhLTExZTYtOGY4OC0zNDM2M2JjN2M0YzAiOnsiY3JlYXRlIjozMDAwMDAwMDAwMDAsImRlbGV0ZSI6MzAwMDAwMDAwMDAwLCJ1cGRhdGUiOjEyMDAwMDAwMDAwMH19",
          "dependencies": [
            "data.aws_availability_zones.available",
            "module.vpc.aws_route_table.public",
            "module.vpc.aws_subnet.public",
            "module.vpc.aws_vpc.vpc"
          ]
        },
        {
          "index_key": 2,
          "schema_version": 0,
          "attributes": {
            "gateway_id": "",
            "id": "rtbassoc-04add5ac18b64742e",
            "route_table_id": "rtb-02ed80d2865a1de10",
            "subnet_id": "subnet-006e384922d860654",
            "timeouts": null
          },
          "sensitive_attributes": [],
          "private": "eyJlMmJmYjczMC1lY2FhLTExZTYtOGY4OC0zNDM2M2JjN2M0YzAiOnsiY3JlYXRlIjozMDAwMDAwMDAwMDAsImRlbGV0ZSI6MzAwMDAwMDAwMDAwLCJ1cGRhdGUiOjEyMDAwMDAwMDAwMH19",
          "dependencies": [
            "data.aws_availability_zones.available",
            "module.vpc.aws_route_table.public",
            "module.vpc.aws_subnet.public",
            "module.vpc.aws_vpc.vpc"
          ]
        }
      ]
    },
    {
      "module": "module.vpc",
      "mode": "managed",
      "type": "aws_security_group",
      "name": "ECS-sg",
      "provider": "provider[\"registry.terraform.io/hashicorp/aws\"]",
      "instances": [
        {
          "schema_version": 1,
          "attributes": {
            "arn": "arn:aws:ec2:us-east-2:650576187890:security-group/sg-055cf992b54ff734e",
            "description": "Managed by Terraform",
            "egress": [
              {
                "cidr_blocks": [
                  "0.0.0.0/0"
                ],
                "description": "",
                "from_port": 0,
                "ipv6_cidr_blocks": [],
                "prefix_list_ids": [],
                "protocol": "-1",
                "security_groups": [],
                "self": false,
                "to_port": 0
              }
            ],
            "id": "sg-055cf992b54ff734e",
            "ingress": [
              {
                "cidr_blocks": [],
                "description": "",
                "from_port": 80,
                "ipv6_cidr_blocks": [],
                "prefix_list_ids": [],
                "protocol": "tcp",
                "security_groups": [
                  "sg-0e4684ed8716f5ec8"
                ],
                "self": false,
                "to_port": 80
              }
            ],
            "name": "Gexpress-ECS-sg",
            "name_prefix": "",
            "owner_id": "650576187890",
            "revoke_rules_on_delete": false,
            "tags": {
              "Name": "Gexpress-ECS-sg"
            },
            "tags_all": {
              "Name": "Gexpress-ECS-sg"
            },
            "timeouts": null,
            "vpc_id": "vpc-0065a6fbc206355c3"
          },
          "sensitive_attributes": [],
          "private": "eyJlMmJmYjczMC1lY2FhLTExZTYtOGY4OC0zNDM2M2JjN2M0YzAiOnsiY3JlYXRlIjo2MDAwMDAwMDAwMDAsImRlbGV0ZSI6OTAwMDAwMDAwMDAwfSwic2NoZW1hX3ZlcnNpb24iOiIxIn0=",
          "dependencies": [
            "module.vpc.aws_security_group.LoadBalancer-sg",
            "module.vpc.aws_vpc.vpc"
          ]
        }
      ]
    },
    {
      "module": "module.vpc",
      "mode": "managed",
      "type": "aws_security_group",
      "name": "LoadBalancer-sg",
      "provider": "provider[\"registry.terraform.io/hashicorp/aws\"]",
      "instances": [
        {
          "schema_version": 1,
          "attributes": {
            "arn": "arn:aws:ec2:us-east-2:650576187890:security-group/sg-0e4684ed8716f5ec8",
            "description": "Managed by Terraform",
            "egress": [
              {
                "cidr_blocks": [
                  "0.0.0.0/0"
                ],
                "description": "",
                "from_port": 0,
                "ipv6_cidr_blocks": [],
                "prefix_list_ids": [],
                "protocol": "-1",
                "security_groups": [],
                "self": false,
                "to_port": 0
              }
            ],
            "id": "sg-0e4684ed8716f5ec8",
            "ingress": [
              {
                "cidr_blocks": [
                  "0.0.0.0/0"
                ],
                "description": "",
                "from_port": 80,
                "ipv6_cidr_blocks": [],
                "prefix_list_ids": [],
                "protocol": "tcp",
                "security_groups": [],
                "self": false,
                "to_port": 80
              }
            ],
            "name": "Gexpress-LoadBalancer-sg",
            "name_prefix": "",
            "owner_id": "650576187890",
            "revoke_rules_on_delete": false,
            "tags": {
              "Name": "Gexpress-LoadBalancer-sg"
            },
            "tags_all": {
              "Name": "Gexpress-LoadBalancer-sg"
            },
            "timeouts": null,
            "vpc_id": "vpc-0065a6fbc206355c3"
          },
          "sensitive_attributes": [],
          "private": "eyJlMmJmYjczMC1lY2FhLTExZTYtOGY4OC0zNDM2M2JjN2M0YzAiOnsiY3JlYXRlIjo2MDAwMDAwMDAwMDAsImRlbGV0ZSI6OTAwMDAwMDAwMDAwfSwic2NoZW1hX3ZlcnNpb24iOiIxIn0=",
          "dependencies": [
            "module.vpc.aws_vpc.vpc"
          ]
        }
      ]
    },
    {
      "module": "module.vpc",
      "mode": "managed",
      "type": "aws_security_group",
      "name": "default",
      "provider": "provider[\"registry.terraform.io/hashicorp/aws\"]",
      "instances": [
        {
          "schema_version": 1,
          "attributes": {
            "arn": "arn:aws:ec2:us-east-2:650576187890:security-group/sg-00f69ae47fcacb48f",
            "description": "Default security group to allow inbound/outbound from the VPC",
            "egress": [
              {
                "cidr_blocks": [],
                "description": "",
                "from_port": 0,
                "ipv6_cidr_blocks": [],
                "prefix_list_ids": [],
                "protocol": "-1",
                "security_groups": [],
                "self": true,
                "to_port": 0
              }
            ],
            "id": "sg-00f69ae47fcacb48f",
            "ingress": [
              {
                "cidr_blocks": [],
                "description": "",
                "from_port": 0,
                "ipv6_cidr_blocks": [],
                "prefix_list_ids": [],
                "protocol": "-1",
                "security_groups": [],
                "self": true,
                "to_port": 0
              }
            ],
            "name": "test-vpc-default-sg",
            "name_prefix": "",
            "owner_id": "650576187890",
            "revoke_rules_on_delete": false,
            "tags": {
              "Env": "dev"
            },
            "tags_all": {
              "Env": "dev"
            },
            "timeouts": null,
            "vpc_id": "vpc-0065a6fbc206355c3"
          },
          "sensitive_attributes": [],
          "private": "eyJlMmJmYjczMC1lY2FhLTExZTYtOGY4OC0zNDM2M2JjN2M0YzAiOnsiY3JlYXRlIjo2MDAwMDAwMDAwMDAsImRlbGV0ZSI6OTAwMDAwMDAwMDAwfSwic2NoZW1hX3ZlcnNpb24iOiIxIn0=",
          "dependencies": [
            "module.vpc.aws_vpc.vpc"
          ]
        }
      ]
    },
    {
      "module": "module.vpc",
      "mode": "managed",
      "type": "aws_subnet",
      "name": "private",
      "provider": "provider[\"registry.terraform.io/hashicorp/aws\"]",
      "instances": [
        {
          "index_key": 0,
          "schema_version": 1,
          "attributes": {
            "arn": "arn:aws:ec2:us-east-2:650576187890:subnet/subnet-0077d686b2d2a64b8",
            "assign_ipv6_address_on_creation": false,
            "availability_zone": "us-east-2a",
            "availability_zone_id": "use2-az1",
            "cidr_block": "10.10.3.0/24",
            "customer_owned_ipv4_pool": "",
            "enable_dns64": false,
            "enable_lni_at_device_index": 0,
            "enable_resource_name_dns_a_record_on_launch": false,
            "enable_resource_name_dns_aaaa_record_on_launch": false,
            "id": "subnet-0077d686b2d2a64b8",
            "ipv6_cidr_block": "",
            "ipv6_cidr_block_association_id": "",
            "ipv6_native": false,
            "map_customer_owned_ip_on_launch": false,
            "map_public_ip_on_launch": false,
            "outpost_arn": "",
            "owner_id": "650576187890",
            "private_dns_hostname_type_on_launch": "ip-name",
            "tags": {
              "Env": "dev",
              "Name": "dev-us-east-2a-private"
            },
            "tags_all": {
              "Env": "dev",
              "Name": "dev-us-east-2a-private"
            },
            "timeouts": null,
            "vpc_id": "vpc-0065a6fbc206355c3"
          },
          "sensitive_attributes": [],
          "private": "eyJlMmJmYjczMC1lY2FhLTExZTYtOGY4OC0zNDM2M2JjN2M0YzAiOnsiY3JlYXRlIjo2MDAwMDAwMDAwMDAsImRlbGV0ZSI6MTIwMDAwMDAwMDAwMH0sInNjaGVtYV92ZXJzaW9uIjoiMSJ9",
          "dependencies": [
            "data.aws_availability_zones.available",
            "module.vpc.aws_vpc.vpc"
          ]
        },
        {
          "index_key": 1,
          "schema_version": 1,
          "attributes": {
            "arn": "arn:aws:ec2:us-east-2:650576187890:subnet/subnet-0e31af096d9829237",
            "assign_ipv6_address_on_creation": false,
            "availability_zone": "us-east-2b",
            "availability_zone_id": "use2-az2",
            "cidr_block": "10.10.4.0/24",
            "customer_owned_ipv4_pool": "",
            "enable_dns64": false,
            "enable_lni_at_device_index": 0,
            "enable_resource_name_dns_a_record_on_launch": false,
            "enable_resource_name_dns_aaaa_record_on_launch": false,
            "id": "subnet-0e31af096d9829237",
            "ipv6_cidr_block": "",
            "ipv6_cidr_block_association_id": "",
            "ipv6_native": false,
            "map_customer_owned_ip_on_launch": false,
            "map_public_ip_on_launch": false,
            "outpost_arn": "",
            "owner_id": "650576187890",
            "private_dns_hostname_type_on_launch": "ip-name",
            "tags": {
              "Env": "dev",
              "Name": "dev-us-east-2b-private"
            },
            "tags_all": {
              "Env": "dev",
              "Name": "dev-us-east-2b-private"
            },
            "timeouts": null,
            "vpc_id": "vpc-0065a6fbc206355c3"
          },
          "sensitive_attributes": [],
          "private": "eyJlMmJmYjczMC1lY2FhLTExZTYtOGY4OC0zNDM2M2JjN2M0YzAiOnsiY3JlYXRlIjo2MDAwMDAwMDAwMDAsImRlbGV0ZSI6MTIwMDAwMDAwMDAwMH0sInNjaGVtYV92ZXJzaW9uIjoiMSJ9",
          "dependencies": [
            "data.aws_availability_zones.available",
            "module.vpc.aws_vpc.vpc"
          ]
        },
        {
          "index_key": 2,
          "schema_version": 1,
          "attributes": {
            "arn": "arn:aws:ec2:us-east-2:650576187890:subnet/subnet-0c54b4905388f9b00",
            "assign_ipv6_address_on_creation": false,
            "availability_zone": "us-east-2c",
            "availability_zone_id": "use2-az3",
            "cidr_block": "10.10.5.0/24",
            "customer_owned_ipv4_pool": "",
            "enable_dns64": false,
            "enable_lni_at_device_index": 0,
            "enable_resource_name_dns_a_record_on_launch": false,
            "enable_resource_name_dns_aaaa_record_on_launch": false,
            "id": "subnet-0c54b4905388f9b00",
            "ipv6_cidr_block": "",
            "ipv6_cidr_block_association_id": "",
            "ipv6_native": false,
            "map_customer_owned_ip_on_launch": false,
            "map_public_ip_on_launch": false,
            "outpost_arn": "",
            "owner_id": "650576187890",
            "private_dns_hostname_type_on_launch": "ip-name",
            "tags": {
              "Env": "dev",
              "Name": "dev-us-east-2c-private"
            },
            "tags_all": {
              "Env": "dev",
              "Name": "dev-us-east-2c-private"
            },
            "timeouts": null,
            "vpc_id": "vpc-0065a6fbc206355c3"
          },
          "sensitive_attributes": [],
          "private": "eyJlMmJmYjczMC1lY2FhLTExZTYtOGY4OC0zNDM2M2JjN2M0YzAiOnsiY3JlYXRlIjo2MDAwMDAwMDAwMDAsImRlbGV0ZSI6MTIwMDAwMDAwMDAwMH0sInNjaGVtYV92ZXJzaW9uIjoiMSJ9",
          "dependencies": [
            "data.aws_availability_zones.available",
            "module.vpc.aws_vpc.vpc"
          ]
        }
      ]
    },
    {
      "module": "module.vpc",
      "mode": "managed",
      "type": "aws_subnet",
      "name": "public",
      "provider": "provider[\"registry.terraform.io/hashicorp/aws\"]",
      "instances": [
        {
          "index_key": 0,
          "schema_version": 1,
          "attributes": {
            "arn": "arn:aws:ec2:us-east-2:650576187890:subnet/subnet-0438f8782e2ab07a5",
            "assign_ipv6_address_on_creation": false,
            "availability_zone": "us-east-2a",
            "availability_zone_id": "use2-az1",
            "cidr_block": "10.10.0.0/24",
            "customer_owned_ipv4_pool": "",
            "enable_dns64": false,
            "enable_lni_at_device_index": 0,
            "enable_resource_name_dns_a_record_on_launch": false,
            "enable_resource_name_dns_aaaa_record_on_launch": false,
            "id": "subnet-0438f8782e2ab07a5",
            "ipv6_cidr_block": "",
            "ipv6_cidr_block_association_id": "",
            "ipv6_native": false,
            "map_customer_owned_ip_on_launch": false,
            "map_public_ip_on_launch": true,
            "outpost_arn": "",
            "owner_id": "650576187890",
            "private_dns_hostname_type_on_launch": "ip-name",
            "tags": {
              "Env": "dev",
              "Name": "dev-us-east-2a-public"
            },
            "tags_all": {
              "Env": "dev",
              "Name": "dev-us-east-2a-public"
            },
            "timeouts": null,
            "vpc_id": "vpc-0065a6fbc206355c3"
          },
          "sensitive_attributes": [],
          "private": "eyJlMmJmYjczMC1lY2FhLTExZTYtOGY4OC0zNDM2M2JjN2M0YzAiOnsiY3JlYXRlIjo2MDAwMDAwMDAwMDAsImRlbGV0ZSI6MTIwMDAwMDAwMDAwMH0sInNjaGVtYV92ZXJzaW9uIjoiMSJ9",
          "dependencies": [
            "data.aws_availability_zones.available",
            "module.vpc.aws_vpc.vpc"
          ]
        },
        {
          "index_key": 1,
          "schema_version": 1,
          "attributes": {
            "arn": "arn:aws:ec2:us-east-2:650576187890:subnet/subnet-02ec32bfaff03bc0d",
            "assign_ipv6_address_on_creation": false,
            "availability_zone": "us-east-2b",
            "availability_zone_id": "use2-az2",
            "cidr_block": "10.10.1.0/24",
            "customer_owned_ipv4_pool": "",
            "enable_dns64": false,
            "enable_lni_at_device_index": 0,
            "enable_resource_name_dns_a_record_on_launch": false,
            "enable_resource_name_dns_aaaa_record_on_launch": false,
            "id": "subnet-02ec32bfaff03bc0d",
            "ipv6_cidr_block": "",
            "ipv6_cidr_block_association_id": "",
            "ipv6_native": false,
            "map_customer_owned_ip_on_launch": false,
            "map_public_ip_on_launch": true,
            "outpost_arn": "",
            "owner_id": "650576187890",
            "private_dns_hostname_type_on_launch": "ip-name",
            "tags": {
              "Env": "dev",
              "Name": "dev-us-east-2b-public"
            },
            "tags_all": {
              "Env": "dev",
              "Name": "dev-us-east-2b-public"
            },
            "timeouts": null,
            "vpc_id": "vpc-0065a6fbc206355c3"
          },
          "sensitive_attributes": [],
          "private": "eyJlMmJmYjczMC1lY2FhLTExZTYtOGY4OC0zNDM2M2JjN2M0YzAiOnsiY3JlYXRlIjo2MDAwMDAwMDAwMDAsImRlbGV0ZSI6MTIwMDAwMDAwMDAwMH0sInNjaGVtYV92ZXJzaW9uIjoiMSJ9",
          "dependencies": [
            "data.aws_availability_zones.available",
            "module.vpc.aws_vpc.vpc"
          ]
        },
        {
          "index_key": 2,
          "schema_version": 1,
          "attributes": {
            "arn": "arn:aws:ec2:us-east-2:650576187890:subnet/subnet-006e384922d860654",
            "assign_ipv6_address_on_creation": false,
            "availability_zone": "us-east-2c",
            "availability_zone_id": "use2-az3",
            "cidr_block": "10.10.2.0/24",
            "customer_owned_ipv4_pool": "",
            "enable_dns64": false,
            "enable_lni_at_device_index": 0,
            "enable_resource_name_dns_a_record_on_launch": false,
            "enable_resource_name_dns_aaaa_record_on_launch": false,
            "id": "subnet-006e384922d860654",
            "ipv6_cidr_block": "",
            "ipv6_cidr_block_association_id": "",
            "ipv6_native": false,
            "map_customer_owned_ip_on_launch": false,
            "map_public_ip_on_launch": true,
            "outpost_arn": "",
            "owner_id": "650576187890",
            "private_dns_hostname_type_on_launch": "ip-name",
            "tags": {
              "Env": "dev",
              "Name": "dev-us-east-2c-public"
            },
            "tags_all": {
              "Env": "dev",
              "Name": "dev-us-east-2c-public"
            },
            "timeouts": null,
            "vpc_id": "vpc-0065a6fbc206355c3"
          },
          "sensitive_attributes": [],
          "private": "eyJlMmJmYjczMC1lY2FhLTExZTYtOGY4OC0zNDM2M2JjN2M0YzAiOnsiY3JlYXRlIjo2MDAwMDAwMDAwMDAsImRlbGV0ZSI6MTIwMDAwMDAwMDAwMH0sInNjaGVtYV92ZXJzaW9uIjoiMSJ9",
          "dependencies": [
            "data.aws_availability_zones.available",
            "module.vpc.aws_vpc.vpc"
          ]
        }
      ]
    },
    {
      "module": "module.vpc",
      "mode": "managed",
      "type": "aws_vpc",
      "name": "vpc",
      "provider": "provider[\"registry.terraform.io/hashicorp/aws\"]",
      "instances": [
        {
          "schema_version": 1,
          "attributes": {
            "arn": "arn:aws:ec2:us-east-2:650576187890:vpc/vpc-0065a6fbc206355c3",
            "assign_generated_ipv6_cidr_block": false,
            "cidr_block": "10.10.0.0/16",
            "default_network_acl_id": "acl-04af7ea96ed439dad",
            "default_route_table_id": "rtb-0ec9dadf976ed82ce",
            "default_security_group_id": "sg-02453e4988b4f5085",
            "dhcp_options_id": "dopt-0619efadfdb465043",
            "enable_dns_hostnames": false,
            "enable_dns_support": true,
            "enable_network_address_usage_metrics": false,
            "id": "vpc-0065a6fbc206355c3",
            "instance_tenancy": "default",
            "ipv4_ipam_pool_id": null,
            "ipv4_netmask_length": null,
            "ipv6_association_id": "",
            "ipv6_cidr_block": "",
            "ipv6_cidr_block_network_border_group": "",
            "ipv6_ipam_pool_id": "",
            "ipv6_netmask_length": 0,
            "main_route_table_id": "rtb-0ec9dadf976ed82ce",
            "owner_id": "650576187890",
            "tags": {
              "Env": "dev",
              "Name": "test-vpc"
            },
            "tags_all": {
              "Env": "dev",
              "Name": "test-vpc"
            }
          },
          "sensitive_attributes": [],
          "private": "eyJzY2hlbWFfdmVyc2lvbiI6IjEifQ=="
        }
      ]
    }
  ],
  "check_results": null
}
